
Microsoft Visual Studio Solution File, Format Version 12.00
# Visual Studio Version 17
VisualStudioVersion = 17.10.35013.160
MinimumVisualStudioVersion = 10.0.40219.1
Project("{9A19103F-16F7-4668-BE54-9A1E7A4F7556}") = "SoftwareCatalog.Api", "SoftwareCatalog.Api\SoftwareCatalog.Api.csproj", "{94DC96AB-4C7D-4543-BC2E-2C8A510BF344}"
EndProject
Global
	GlobalSection(SolutionConfigurationPlatforms) = preSolution
		Debug|Any CPU = Debug|Any CPU
		Release|Any CPU = Release|Any CPU
	EndGlobalSection
	GlobalSection(ProjectConfigurationPlatforms) = postSolution
		{94DC96AB-4C7D-4543-BC2E-2C8A510BF344}.Debug|Any CPU.ActiveCfg = Debug|Any CPU
		{94DC96AB-4C7D-4543-BC2E-2C8A510BF344}.Debug|Any CPU.Build.0 = Debug|Any CPU
		{94DC96AB-4C7D-4543-BC2E-2C8A510BF344}.Release|Any CPU.ActiveCfg = Release|Any CPU
		{94DC96AB-4C7D-4543-BC2E-2C8A510BF344}.Release|Any CPU.Build.0 = Release|Any CPU
	EndGlobalSection
	GlobalSection(SolutionProperties) = preSolution
		HideSolutionNode = FALSE
	EndGlobalSection
	GlobalSection(ExtensibilityGlobals) = postSolution
		SolutionGuid = {C2628AD2-5C6E-4702-8096-6FC6E59D42F8}
	EndGlobalSection
EndGlobal
